
Microsoft Visual Studio Solution File, Format Version 12.00
# Visual Studio Version 16
VisualStudioVersion = 16.0.29806.167
MinimumVisualStudioVersion = 10.0.40219.1
Project("{9A19103F-16F7-4668-BE54-9A1E7A4F7556}") = "Mt.Web", "Mt.Web\Mt.Web.csproj", "{76455B17-38E5-49B2-9075-BB85BD1BAE78}"
EndProject
Project("{9A19103F-16F7-4668-BE54-9A1E7A4F7556}") = "Mt.Ask.Api", "Mt.Ask.Api\Mt.Ask.Api.csproj", "{9B057240-B182-4A31-8F30-22E63A935698}"
EndProject
Project("{9A19103F-16F7-4668-BE54-9A1E7A4F7556}") = "Mt.Jt.Web", "Mt.Jt.Web\Mt.Jt.Web.csproj", "{03E2407C-1E7F-4A72-AB06-E173FC79AAEF}"
EndProject
Project("{9A19103F-16F7-4668-BE54-9A1E7A4F7556}") = "Mt.Ask.Web", "Mt.Ask.Web\Mt.Ask.Web.csproj", "{A4E12A5C-9392-46F7-9944-98291EE14EA5}"
EndProject
Project("{9A19103F-16F7-4668-BE54-9A1E7A4F7556}") = "Mt.Fruit.Web", "Mt.Fruit.Web\Mt.Fruit.Web.csproj", "{6587D947-E2C1-4F2C-A432-E5E189F36E01}"
EndProject
Project("{FAE04EC0-301F-11D3-BF4B-00C04F79EFBC}") = "Mt.Edu.Api", "Mt.Edu.Api\Mt.Edu.Api.csproj", "{D70D5F52-E2DA-43AC-8B17-01D2A8354820}"
EndProject
Global
	GlobalSection(SolutionConfigurationPlatforms) = preSolution
		Debug|Any CPU = Debug|Any CPU
		Release|Any CPU = Release|Any CPU
	EndGlobalSection
	GlobalSection(ProjectConfigurationPlatforms) = postSolution
		{76455B17-38E5-49B2-9075-BB85BD1BAE78}.Debug|Any CPU.ActiveCfg = Debug|Any CPU
		{76455B17-38E5-49B2-9075-BB85BD1BAE78}.Debug|Any CPU.Build.0 = Debug|Any CPU
		{76455B17-38E5-49B2-9075-BB85BD1BAE78}.Release|Any CPU.ActiveCfg = Release|Any CPU
		{76455B17-38E5-49B2-9075-BB85BD1BAE78}.Release|Any CPU.Build.0 = Release|Any CPU
		{9B057240-B182-4A31-8F30-22E63A935698}.Debug|Any CPU.ActiveCfg = Debug|Any CPU
		{9B057240-B182-4A31-8F30-22E63A935698}.Debug|Any CPU.Build.0 = Debug|Any CPU
		{9B057240-B182-4A31-8F30-22E63A935698}.Release|Any CPU.ActiveCfg = Release|Any CPU
		{9B057240-B182-4A31-8F30-22E63A935698}.Release|Any CPU.Build.0 = Release|Any CPU
		{03E2407C-1E7F-4A72-AB06-E173FC79AAEF}.Debug|Any CPU.ActiveCfg = Debug|Any CPU
		{03E2407C-1E7F-4A72-AB06-E173FC79AAEF}.Debug|Any CPU.Build.0 = Debug|Any CPU
		{03E2407C-1E7F-4A72-AB06-E173FC79AAEF}.Release|Any CPU.ActiveCfg = Release|Any CPU
		{03E2407C-1E7F-4A72-AB06-E173FC79AAEF}.Release|Any CPU.Build.0 = Release|Any CPU
		{A4E12A5C-9392-46F7-9944-98291EE14EA5}.Debug|Any CPU.ActiveCfg = Debug|Any CPU
		{A4E12A5C-9392-46F7-9944-98291EE14EA5}.Debug|Any CPU.Build.0 = Debug|Any CPU
		{A4E12A5C-9392-46F7-9944-98291EE14EA5}.Release|Any CPU.ActiveCfg = Release|Any CPU
		{A4E12A5C-9392-46F7-9944-98291EE14EA5}.Release|Any CPU.Build.0 = Release|Any CPU
		{6587D947-E2C1-4F2C-A432-E5E189F36E01}.Debug|Any CPU.ActiveCfg = Debug|Any CPU
		{6587D947-E2C1-4F2C-A432-E5E189F36E01}.Debug|Any CPU.Build.0 = Debug|Any CPU
		{6587D947-E2C1-4F2C-A432-E5E189F36E01}.Release|Any CPU.ActiveCfg = Release|Any CPU
		{6587D947-E2C1-4F2C-A432-E5E189F36E01}.Release|Any CPU.Build.0 = Release|Any CPU
		{D70D5F52-E2DA-43AC-8B17-01D2A8354820}.Debug|Any CPU.ActiveCfg = Debug|Any CPU
		{D70D5F52-E2DA-43AC-8B17-01D2A8354820}.Debug|Any CPU.Build.0 = Debug|Any CPU
		{D70D5F52-E2DA-43AC-8B17-01D2A8354820}.Release|Any CPU.ActiveCfg = Release|Any CPU
		{D70D5F52-E2DA-43AC-8B17-01D2A8354820}.Release|Any CPU.Build.0 = Release|Any CPU
	EndGlobalSection
	GlobalSection(SolutionProperties) = preSolution
		HideSolutionNode = FALSE
	EndGlobalSection
	GlobalSection(ExtensibilityGlobals) = postSolution
		SolutionGuid = {5E39CE7A-BA90-4905-A52C-47B024F74E5B}
	EndGlobalSection
EndGlobal
